Microsoft Visual Studio Solution File, Format Version 12.00
# Visual Studio Version 17
VisualStudioVersion = 17.13.35828.75
MinimumVisualStudioVersion = 10.0.40219.1
Project("{FAE04EC0-301F-11D3-BF4B-00C04F79EFBC}") = "WebAppTerraformIntegrated", "WebAppTerraformIntegrated\WebAppTerraformIntegrated.csproj", "{3352898A-EB7D-4138-8EDE-61B07F538B2B}"
EndProject
Global
	GlobalSection(SolutionConfigurationPlatforms) = preSolution
		Debug|Any CPU = Debug|Any CPU
		Release|Any CPU = Release|Any CPU
	EndGlobalSection
	GlobalSection(ProjectConfigurationPlatforms) = postSolution
		{3352898A-EB7D-4138-8EDE-61B07F538B2B}.Debug|Any CPU.ActiveCfg = Debug|Any CPU
		{3352898A-EB7D-4138-8EDE-61B07F538B2B}.Debug|Any CPU.Build.0 = Debug|Any CPU
		{3352898A-EB7D-4138-8EDE-61B07F538B2B}.Release|Any CPU.ActiveCfg = Release|Any CPU
		{3352898A-EB7D-4138-8EDE-61B07F538B2B}.Release|Any CPU.Build.0 = Release|Any CPU
	EndGlobalSection
	GlobalSection(SolutionProperties) = preSolution
		HideSolutionNode = FALSE
	EndGlobalSection
	GlobalSection(ExtensibilityGlobals) = postSolution
		SolutionGuid = {BC41E01D-7133-469C-8F39-608AA785E8DE}
	EndGlobalSection
EndGlobal
